
Microsoft Visual Studio Solution File, Format Version 12.00
# Visual Studio Version 17
VisualStudioVersion = 17.9.34728.123
MinimumVisualStudioVersion = 10.0.40219.1
Project("{FAE04EC0-301F-11D3-BF4B-00C04F79EFBC}") = "Ejercicio1-PreParcial", "Ejercicio1-PreParcial\Ejercicio1-PreParcial.csproj", "{8ED19420-F786-455C-BCA9-F042757A5965}"
EndProject
Global
	GlobalSection(SolutionConfigurationPlatforms) = preSolution
		Debug|Any CPU = Debug|Any CPU
		Release|Any CPU = Release|Any CPU
	EndGlobalSection
	GlobalSection(ProjectConfigurationPlatforms) = postSolution
		{8ED19420-F786-455C-BCA9-F042757A5965}.Debug|Any CPU.ActiveCfg = Debug|Any CPU
		{8ED19420-F786-455C-BCA9-F042757A5965}.Debug|Any CPU.Build.0 = Debug|Any CPU
		{8ED19420-F786-455C-BCA9-F042757A5965}.Release|Any CPU.ActiveCfg = Release|Any CPU
		{8ED19420-F786-455C-BCA9-F042757A5965}.Release|Any CPU.Build.0 = Release|Any CPU
	EndGlobalSection
	GlobalSection(SolutionProperties) = preSolution
		HideSolutionNode = FALSE
	EndGlobalSection
	GlobalSection(ExtensibilityGlobals) = postSolution
		SolutionGuid = {0AAAF2A3-C767-467F-B094-EDC9B0A1A4C0}
	EndGlobalSection
EndGlobal
